
Microsoft Visual Studio Solution File, Format Version 11.00
# Visual Studio 2010
Project("{8BC9CEB8-8B4A-11D0-8D11-00A0C91BC942}") = "VTKSphere", "VTKSphere\VTKSphere.vcxproj", "{21F884F1-950A-4FA0-80E5-3D575B25510A}"
EndProject
Global
	GlobalSection(SolutionConfigurationPlatforms) = preSolution
		Debug|Win32 = Debug|Win32
		Release|Win32 = Release|Win32
	EndGlobalSection
	GlobalSection(ProjectConfigurationPlatforms) = postSolution
		{21F884F1-950A-4FA0-80E5-3D575B25510A}.Debug|Win32.ActiveCfg = Debug|Win32
		{21F884F1-950A-4FA0-80E5-3D575B25510A}.Debug|Win32.Build.0 = Debug|Win32
		{21F884F1-950A-4FA0-80E5-3D575B25510A}.Release|Win32.ActiveCfg = Release|Win32
		{21F884F1-950A-4FA0-80E5-3D575B25510A}.Release|Win32.Build.0 = Release|Win32
	EndGlobalSection
	GlobalSection(SolutionProperties) = preSolution
		HideSolutionNode = FALSE
	EndGlobalSection
EndGlobal
